<?xml version="1.0" encoding="utf-8"?>
<Project ToolsVersion="4.0" xmlns="http://schemas.microsoft.com/developer/msbuild/2003">
  <ItemGroup>
    <Filter Include="Quelldateien">
      <UniqueIdentifier>{4FC737F1-C7A5-4376-A066-2A32D752A2FF}</UniqueIdentifier>
      <Extensions>cpp;c;cc;cxx;def;odl;idl;hpj;bat;asm;asmx</Extensions>
    </Filter>
    <Filter Include="Headerdateien">
      <UniqueIdentifier>{93995380-89BD-4b04-88EB-625FBE52EBFB}</UniqueIdentifier>
      <Extensions>h;hh;hpp;hxx;hm;inl;inc;ipp;xsd</Extensions>
    </Filter>
    <Filter Include="Ressourcendateien">
      <UniqueIdentifier>{67DA6AB6-F800-4c08-8B7A-83BB121AAD01}</UniqueIdentifier>
      <Extensions>rc;ico;cur;bmp;dlg;rc2;rct;bin;rgs;gif;jpg;jpeg;jpe;resx;tiff;tif;png;wav;mfcribbon-ms</Extensions>
    </Filter>
    <Filter Include="Headerdateien\hooks">
      <UniqueIdentifier>{926016f2-dfc1-4541-9606-f82cd1e3c05f}</UniqueIdentifier>
    </Filter>
    <Filter Include="Quelldateien\hooks">
      <UniqueIdentifier>{9549461b-c5b1-475d-b926-f6e481a5fa50}</UniqueIdentifier>
    </Filter>
    <Filter Include="Quelldateien\mods">
      <UniqueIdentifier>{157b1c39-2695-4e9e-a569-84f9ac1f133c}</UniqueIdentifier>
    </Filter>
    <Filter Include="Headerdateien\mods">
      <UniqueIdentifier>{0699d203-19c2-46cf-848f-af867d03631e}</UniqueIdentifier>
    </Filter>
    <Filter Include="Headerdateien\hooks\hook_dx">
      <UniqueIdentifier>{95d1ca25-7b9e-4968-9e0c-6649ca490b91}</UniqueIdentifier>
    </Filter>
    <Filter Include="Quelldateien\hooks\hook_dx">
      <UniqueIdentifier>{c307a942-4c84-4317-8aae-580c7ad52441}</UniqueIdentifier>
    </Filter>
    <Filter Include="Headerdateien\hooks\hook_dx\proxy">
      <UniqueIdentifier>{f196bba0-f8b8-49b0-93aa-ce940b7291dc}</UniqueIdentifier>
    </Filter>
    <Filter Include="Quelldateien\hooks\hook_dx\proxy">
      <UniqueIdentifier>{d30bfa28-9bcb-488d-8b46-617451ab6f30}</UniqueIdentifier>
    </Filter>
    <Filter Include="Headerdateien\hooks\hook_dx\fast_font">
      <UniqueIdentifier>{d2062d0d-5946-4782-afd5-8cc8f2afc5c4}</UniqueIdentifier>
    </Filter>
    <Filter Include="Quelldateien\hooks\hook_dx\fast_font">
      <UniqueIdentifier>{6b6cd044-7119-4124-8b7e-15741a9dcd81}</UniqueIdentifier>
    </Filter>
  </ItemGroup>
  <ItemGroup>
    <ClInclude Include="stdafx.h">
      <Filter>Headerdateien</Filter>
    </ClInclude>
    <ClInclude Include="targetver.h">
      <Filter>Headerdateien</Filter>
    </ClInclude>
    <ClInclude Include="norm.h">
      <Filter>Headerdateien</Filter>
    </ClInclude>
    <ClInclude Include="debug_socket.h">
      <Filter>Headerdateien</Filter>
    </ClInclude>
    <ClInclude Include="client_ver.h">
      <Filter>Headerdateien</Filter>
    </ClInclude>
    <ClInclude Include="detours.h">
      <Filter>Headerdateien</Filter>
    </ClInclude>
    <ClInclude Include="hook_chat.h">
      <Filter>Headerdateien\hooks</Filter>
    </ClInclude>
    <ClInclude Include="hook_renderer.h">
      <Filter>Headerdateien\hooks</Filter>
    </ClInclude>
    <ClInclude Include="hook_socket.h">
      <Filter>Headerdateien\hooks</Filter>
    </ClInclude>
    <ClInclude Include="mod.h">
      <Filter>Headerdateien\mods</Filter>
    </ClInclude>
    <ClInclude Include="mod_overlay.h">
      <Filter>Headerdateien\mods</Filter>
    </ClInclude>
    <ClInclude Include="mod_statistics.h">
      <Filter>Headerdateien\mods</Filter>
    </ClInclude>
    <ClInclude Include="mod_timestamp.h">
      <Filter>Headerdateien\mods</Filter>
    </ClInclude>
    <ClInclude Include="hook_session.h">
      <Filter>Headerdateien\hooks</Filter>
    </ClInclude>
    <ClInclude Include="hook_dx.h">
      <Filter>Headerdateien\hooks\hook_dx</Filter>
    </ClInclude>
    <ClInclude Include="CProxyIDirect3D7.h">
      <Filter>Headerdateien\hooks\hook_dx\proxy</Filter>
    </ClInclude>
    <ClInclude Include="CProxyIDirect3DDevice7.h">
      <Filter>Headerdateien\hooks\hook_dx\proxy</Filter>
    </ClInclude>
    <ClInclude Include="CProxyIDirectDraw7.h">
      <Filter>Headerdateien\hooks\hook_dx\proxy</Filter>
    </ClInclude>
    <ClInclude Include="SFastFont.h">
      <Filter>Headerdateien\hooks\hook_dx\fast_font</Filter>
    </ClInclude>
    <ClInclude Include="FastFont.h">
      <Filter>Headerdateien\hooks\hook_dx\fast_font</Filter>
    </ClInclude>
    <ClInclude Include="CacheInfo.h">
      <Filter>Headerdateien\hooks\hook_dx\fast_font</Filter>
    </ClInclude>
    <ClInclude Include="mod_overlay_new.h">
      <Filter>Headerdateien\mods</Filter>
    </ClInclude>
    <ClInclude Include="hook_gamemode.h">
      <Filter>Headerdateien\hooks</Filter>
    </ClInclude>
    <ClInclude Include="hook.h">
      <Filter>Headerdateien\hooks</Filter>
    </ClInclude>
    <ClInclude Include="mod_graphics.h">
      <Filter>Headerdateien\mods</Filter>
    </ClInclude>
    <ClInclude Include="verifier.h">
      <Filter>Headerdateien</Filter>
    </ClInclude>
    <ClInclude Include="hook_user32.h">
      <Filter>Headerdateien\hooks</Filter>
    </ClInclude>
    <ClInclude Include="splash.h">
      <Filter>Headerdateien</Filter>
    </ClInclude>
    <ClInclude Include="resource.h">
      <Filter>Headerdateien</Filter>
    </ClInclude>
  </ItemGroup>
  <ItemGroup>
    <ClCompile Include="stdafx.cpp">
      <Filter>Quelldateien</Filter>
    </ClCompile>
    <ClCompile Include="norm.cpp">
      <Filter>Quelldateien</Filter>
    </ClCompile>
    <ClCompile Include="dllmain.cpp">
      <Filter>Quelldateien</Filter>
    </ClCompile>
    <ClCompile Include="debug_socket.cpp">
      <Filter>Quelldateien</Filter>
    </ClCompile>
    <ClCompile Include="hook_chat.cpp">
      <Filter>Quelldateien\hooks</Filter>
    </ClCompile>
    <ClCompile Include="hook_renderer.cpp">
      <Filter>Quelldateien\hooks</Filter>
    </ClCompile>
    <ClCompile Include="hook_socket.cpp">
      <Filter>Quelldateien\hooks</Filter>
    </ClCompile>
    <ClCompile Include="mod_overlay.cpp">
      <Filter>Quelldateien\mods</Filter>
    </ClCompile>
    <ClCompile Include="mod_statistics.cpp">
      <Filter>Quelldateien\mods</Filter>
    </ClCompile>
    <ClCompile Include="mod.cpp">
      <Filter>Quelldateien\mods</Filter>
    </ClCompile>
    <ClCompile Include="mod_timestamp.cpp">
      <Filter>Quelldateien\mods</Filter>
    </ClCompile>
    <ClCompile Include="hook_session.cpp">
      <Filter>Quelldateien\hooks</Filter>
    </ClCompile>
    <ClCompile Include="hook_dx.cpp">
      <Filter>Quelldateien\hooks\hook_dx</Filter>
    </ClCompile>
    <ClCompile Include="CProxyIDirect3D7.cpp">
      <Filter>Quelldateien\hooks\hook_dx\proxy</Filter>
    </ClCompile>
    <ClCompile Include="CProxyIDirectDraw7.cpp">
      <Filter>Quelldateien\hooks\hook_dx\proxy</Filter>
    </ClCompile>
    <ClCompile Include="CacheInfo.cpp">
      <Filter>Quelldateien\hooks\hook_dx\fast_font</Filter>
    </ClCompile>
    <ClCompile Include="FastFont.cpp">
      <Filter>Quelldateien\hooks\hook_dx\fast_font</Filter>
    </ClCompile>
    <ClCompile Include="SFastFont.cpp">
      <Filter>Quelldateien\hooks\hook_dx\fast_font</Filter>
    </ClCompile>
    <ClCompile Include="CProxyIDirect3DDevice7.cpp">
      <Filter>Quelldateien\hooks\hook_dx\proxy</Filter>
    </ClCompile>
    <ClCompile Include="mod_overlay_new.cpp">
      <Filter>Quelldateien\mods</Filter>
    </ClCompile>
    <ClCompile Include="hook_gamemode.cpp">
      <Filter>Quelldateien\hooks</Filter>
    </ClCompile>
    <ClCompile Include="hook.cpp">
      <Filter>Quelldateien\hooks</Filter>
    </ClCompile>
    <ClCompile Include="mod_graphics.cpp">
      <Filter>Quelldateien\mods</Filter>
    </ClCompile>
    <ClCompile Include="hook_user32.cpp">
      <Filter>Quelldateien\hooks</Filter>
    </ClCompile>
    <ClCompile Include="splash.cpp">
      <Filter>Quelldateien</Filter>
    </ClCompile>
  </ItemGroup>
  <ItemGroup>
    <None Include="cpp.hint" />
  </ItemGroup>
  <ItemGroup>
    <ResourceCompile Include="Resource.rc">
      <Filter>Ressourcendateien</Filter>
    </ResourceCompile>
  </ItemGroup>
  <ItemGroup>
    <Image Include="pib_logo.bmp">
      <Filter>Ressourcendateien</Filter>
    </Image>
    <Image Include="pib_logo2.bmp">
      <Filter>Ressourcendateien</Filter>
    </Image>
  </ItemGroup>
</Project>